
Microsoft Visual Studio Solution File, Format Version 12.00
# Visual Studio Version 16
VisualStudioVersion = 16.0.31410.357
MinimumVisualStudioVersion = 10.0.40219.1
Project("{FAE04EC0-301F-11D3-BF4B-00C04F79EFBC}") = "01_Cafe", "01_Cafe.csproj", "{24298E94-2446-46B9-8D79-3B0F4E71A7EB}"
EndProject
Project("{2150E333-8FDC-42A3-9474-1A3956D46DE8}") = "01_Cafe", "01_Cafe", "{008DE7EE-9516-44EE-BC8F-A7CB5FF705F9}"
EndProject
Project("{2150E333-8FDC-42A3-9474-1A3956D46DE8}") = "02_Claims", "02_Claims", "{D1396B83-8373-490F-9F9D-6C06B1F7F400}"
EndProject
Project("{FAE04EC0-301F-11D3-BF4B-00C04F79EFBC}") = "Claims", "..\Claims\Claims.csproj", "{A0806A97-8E21-4E82-84D9-6043271908A0}"
EndProject
Project("{FAE04EC0-301F-11D3-BF4B-00C04F79EFBC}") = "CafeTests", "CafeTests\CafeTests\CafeTests.csproj", "{0FC67277-E95E-4B26-B959-CB84761F77C9}"
EndProject
Project("{2150E333-8FDC-42A3-9474-1A3956D46DE8}") = "03_Badges", "03_Badges", "{D6B0447A-9AE4-437E-999E-377E128F006E}"
EndProject
Project("{FAE04EC0-301F-11D3-BF4B-00C04F79EFBC}") = "03_Badges", "03_Badges\03_Badges\03_Badges.csproj", "{C5EE6301-FE9D-425C-9AF3-56F89BDCD32D}"
EndProject
Project("{FAE04EC0-301F-11D3-BF4B-00C04F79EFBC}") = "02_ClaimsTests", "02_Claims\02_ClaimsTests\02_ClaimsTests.csproj", "{3512B37A-C0AE-4142-BFAD-EE2B222A218E}"
EndProject
Project("{FAE04EC0-301F-11D3-BF4B-00C04F79EFBC}") = "03_Tests", "03_Badges\03_Tests\03_Tests.csproj", "{D9E6B4BB-1601-419D-BDEB-3E4DF8826BF4}"
EndProject
Global
	GlobalSection(SolutionConfigurationPlatforms) = preSolution
		Debug|Any CPU = Debug|Any CPU
		Release|Any CPU = Release|Any CPU
	EndGlobalSection
	GlobalSection(ProjectConfigurationPlatforms) = postSolution
		{24298E94-2446-46B9-8D79-3B0F4E71A7EB}.Debug|Any CPU.ActiveCfg = Debug|Any CPU
		{24298E94-2446-46B9-8D79-3B0F4E71A7EB}.Debug|Any CPU.Build.0 = Debug|Any CPU
		{24298E94-2446-46B9-8D79-3B0F4E71A7EB}.Release|Any CPU.ActiveCfg = Release|Any CPU
		{24298E94-2446-46B9-8D79-3B0F4E71A7EB}.Release|Any CPU.Build.0 = Release|Any CPU
		{A0806A97-8E21-4E82-84D9-6043271908A0}.Debug|Any CPU.ActiveCfg = Debug|Any CPU
		{A0806A97-8E21-4E82-84D9-6043271908A0}.Debug|Any CPU.Build.0 = Debug|Any CPU
		{A0806A97-8E21-4E82-84D9-6043271908A0}.Release|Any CPU.ActiveCfg = Release|Any CPU
		{A0806A97-8E21-4E82-84D9-6043271908A0}.Release|Any CPU.Build.0 = Release|Any CPU
		{0FC67277-E95E-4B26-B959-CB84761F77C9}.Debug|Any CPU.ActiveCfg = Debug|Any CPU
		{0FC67277-E95E-4B26-B959-CB84761F77C9}.Debug|Any CPU.Build.0 = Debug|Any CPU
		{0FC67277-E95E-4B26-B959-CB84761F77C9}.Release|Any CPU.ActiveCfg = Release|Any CPU
		{0FC67277-E95E-4B26-B959-CB84761F77C9}.Release|Any CPU.Build.0 = Release|Any CPU
		{C5EE6301-FE9D-425C-9AF3-56F89BDCD32D}.Debug|Any CPU.ActiveCfg = Debug|Any CPU
		{C5EE6301-FE9D-425C-9AF3-56F89BDCD32D}.Debug|Any CPU.Build.0 = Debug|Any CPU
		{C5EE6301-FE9D-425C-9AF3-56F89BDCD32D}.Release|Any CPU.ActiveCfg = Release|Any CPU
		{C5EE6301-FE9D-425C-9AF3-56F89BDCD32D}.Release|Any CPU.Build.0 = Release|Any CPU
		{3512B37A-C0AE-4142-BFAD-EE2B222A218E}.Debug|Any CPU.ActiveCfg = Debug|Any CPU
		{3512B37A-C0AE-4142-BFAD-EE2B222A218E}.Debug|Any CPU.Build.0 = Debug|Any CPU
		{3512B37A-C0AE-4142-BFAD-EE2B222A218E}.Release|Any CPU.ActiveCfg = Release|Any CPU
		{3512B37A-C0AE-4142-BFAD-EE2B222A218E}.Release|Any CPU.Build.0 = Release|Any CPU
		{D9E6B4BB-1601-419D-BDEB-3E4DF8826BF4}.Debug|Any CPU.ActiveCfg = Debug|Any CPU
		{D9E6B4BB-1601-419D-BDEB-3E4DF8826BF4}.Debug|Any CPU.Build.0 = Debug|Any CPU
		{D9E6B4BB-1601-419D-BDEB-3E4DF8826BF4}.Release|Any CPU.ActiveCfg = Release|Any CPU
		{D9E6B4BB-1601-419D-BDEB-3E4DF8826BF4}.Release|Any CPU.Build.0 = Release|Any CPU
	EndGlobalSection
	GlobalSection(SolutionProperties) = preSolution
		HideSolutionNode = FALSE
	EndGlobalSection
	GlobalSection(NestedProjects) = preSolution
		{24298E94-2446-46B9-8D79-3B0F4E71A7EB} = {008DE7EE-9516-44EE-BC8F-A7CB5FF705F9}
		{A0806A97-8E21-4E82-84D9-6043271908A0} = {D1396B83-8373-490F-9F9D-6C06B1F7F400}
		{0FC67277-E95E-4B26-B959-CB84761F77C9} = {008DE7EE-9516-44EE-BC8F-A7CB5FF705F9}
		{C5EE6301-FE9D-425C-9AF3-56F89BDCD32D} = {D6B0447A-9AE4-437E-999E-377E128F006E}
		{3512B37A-C0AE-4142-BFAD-EE2B222A218E} = {D1396B83-8373-490F-9F9D-6C06B1F7F400}
		{D9E6B4BB-1601-419D-BDEB-3E4DF8826BF4} = {D6B0447A-9AE4-437E-999E-377E128F006E}
	EndGlobalSection
	GlobalSection(ExtensibilityGlobals) = postSolution
		SolutionGuid = {F25F4D63-8082-4BC2-BAD3-4AB491208797}
	EndGlobalSection
EndGlobal
